<?xml version="1.0" encoding="utf-8"?>
<Project ToolsVersion="4.0" xmlns="http://schemas.microsoft.com/developer/msbuild/2003">
  <ItemGroup>
    <Filter Include="Source Files">
      <UniqueIdentifier>{4FC737F1-C7A5-4376-A066-2A32D752A2FF}</UniqueIdentifier>
      <Extensions>cpp;c;cc;cxx;c++;cppm;ixx;def;odl;idl;hpj;bat;asm;asmx</Extensions>
    </Filter>
    <Filter Include="Header Files">
      <UniqueIdentifier>{93995380-89BD-4b04-88EB-625FBE52EBFB}</UniqueIdentifier>
      <Extensions>h;hh;hpp;hxx;h++;hm;inl;inc;ipp;xsd</Extensions>
    </Filter>
    <Filter Include="Resource Files">
      <UniqueIdentifier>{67DA6AB6-F800-4c08-8B7A-83BB121AAD01}</UniqueIdentifier>
      <Extensions>rc;ico;cur;bmp;dlg;rc2;rct;bin;rgs;gif;jpg;jpeg;jpe;resx;tiff;tif;png;wav;mfcribbon-ms</Extensions>
    </Filter>
  </ItemGroup>
  <ItemGroup>
    <ClCompile Include="pservc.cpp">
      <Filter>Source Files</Filter>
    </ClCompile>
    <ClCompile Include="..\precomp.cpp">
      <Filter>Source Files</Filter>
    </ClCompile>
    <ClCompile Include="..\core\async_operation.cpp">
      <Filter>Source Files</Filter>
    </ClCompile>
    <ClCompile Include="..\core\data_action.cpp">
      <Filter>Source Files</Filter>
    </ClCompile>
    <ClCompile Include="..\core\data_action_dispatch_context.cpp">
      <Filter>Source Files</Filter>
    </ClCompile>
    <ClCompile Include="..\core\data_controller.cpp">
      <Filter>Source Files</Filter>
    </ClCompile>
    <ClCompile Include="..\core\data_controller_library.cpp">
      <Filter>Source Files</Filter>
    </ClCompile>
    <ClCompile Include="..\core\data_object_container.cpp">
      <Filter>Source Files</Filter>
    </ClCompile>
    <ClCompile Include="..\actions\common_actions.cpp">
      <Filter>Source Files</Filter>
    </ClCompile>
    <ClCompile Include="..\actions\environment_variable_actions.cpp">
      <Filter>Source Files</Filter>
    </ClCompile>
    <ClCompile Include="..\actions\module_actions.cpp">
      <Filter>Source Files</Filter>
    </ClCompile>
    <ClCompile Include="..\actions\network_connection_actions.cpp">
      <Filter>Source Files</Filter>
    </ClCompile>
    <ClCompile Include="..\actions\process_actions.cpp">
      <Filter>Source Files</Filter>
    </ClCompile>
    <ClCompile Include="..\actions\scheduled_task_actions.cpp">
      <Filter>Source Files</Filter>
    </ClCompile>
    <ClCompile Include="..\actions\service_actions.cpp">
      <Filter>Source Files</Filter>
    </ClCompile>
    <ClCompile Include="..\actions\startup_program_actions.cpp">
      <Filter>Source Files</Filter>
    </ClCompile>
    <ClCompile Include="..\actions\uninstaller_actions.cpp">
      <Filter>Source Files</Filter>
    </ClCompile>
    <ClCompile Include="..\actions\window_actions.cpp">
      <Filter>Source Files</Filter>
    </ClCompile>
    <ClCompile Include="..\controllers\environment_variables_data_controller.cpp">
      <Filter>Source Files</Filter>
    </ClCompile>
    <ClCompile Include="..\controllers\modules_data_controller.cpp">
      <Filter>Source Files</Filter>
    </ClCompile>
    <ClCompile Include="..\controllers\network_connections_data_controller.cpp">
      <Filter>Source Files</Filter>
    </ClCompile>
    <ClCompile Include="..\controllers\processes_data_controller.cpp">
      <Filter>Source Files</Filter>
    </ClCompile>
    <ClCompile Include="..\controllers\scheduled_tasks_data_controller.cpp">
      <Filter>Source Files</Filter>
    </ClCompile>
    <ClCompile Include="..\controllers\services_data_controller.cpp">
      <Filter>Source Files</Filter>
    </ClCompile>
    <ClCompile Include="..\controllers\startup_programs_data_controller.cpp">
      <Filter>Source Files</Filter>
    </ClCompile>
    <ClCompile Include="..\controllers\uninstaller_data_controller.cpp">
      <Filter>Source Files</Filter>
    </ClCompile>
    <ClCompile Include="..\controllers\windows_data_controller.cpp">
      <Filter>Source Files</Filter>
    </ClCompile>
    <ClCompile Include="..\models\environment_variable_info.cpp">
      <Filter>Source Files</Filter>
    </ClCompile>
    <ClCompile Include="..\models\installed_program_info.cpp">
      <Filter>Source Files</Filter>
    </ClCompile>
    <ClCompile Include="..\models\module_info.cpp">
      <Filter>Source Files</Filter>
    </ClCompile>
    <ClCompile Include="..\models\network_connection_info.cpp">
      <Filter>Source Files</Filter>
    </ClCompile>
    <ClCompile Include="..\models\process_info.cpp">
      <Filter>Source Files</Filter>
    </ClCompile>
    <ClCompile Include="..\models\scheduled_task_info.cpp">
      <Filter>Source Files</Filter>
    </ClCompile>
    <ClCompile Include="..\models\service_info.cpp">
      <Filter>Source Files</Filter>
    </ClCompile>
    <ClCompile Include="..\models\startup_program_info.cpp">
      <Filter>Source Files</Filter>
    </ClCompile>
    <ClCompile Include="..\models\window_info.cpp">
      <Filter>Source Files</Filter>
    </ClCompile>
    <ClCompile Include="..\windows_api\environment_variable_manager.cpp">
      <Filter>Source Files</Filter>
    </ClCompile>
    <ClCompile Include="..\windows_api\module_manager.cpp">
      <Filter>Source Files</Filter>
    </ClCompile>
    <ClCompile Include="..\windows_api\network_connection_manager.cpp">
      <Filter>Source Files</Filter>
    </ClCompile>
    <ClCompile Include="..\windows_api\process_manager.cpp">
      <Filter>Source Files</Filter>
    </ClCompile>
    <ClCompile Include="..\windows_api\scheduled_task_manager.cpp">
      <Filter>Source Files</Filter>
    </ClCompile>
    <ClCompile Include="..\windows_api\service_manager.cpp">
      <Filter>Source Files</Filter>
    </ClCompile>
    <ClCompile Include="..\windows_api\startup_program_manager.cpp">
      <Filter>Source Files</Filter>
    </ClCompile>
    <ClCompile Include="..\windows_api\uninstaller_manager.cpp">
      <Filter>Source Files</Filter>
    </ClCompile>
    <ClCompile Include="..\windows_api\window_manager.cpp">
      <Filter>Source Files</Filter>
    </ClCompile>
    <ClCompile Include="..\utils\logging.cpp">
      <Filter>Source Files</Filter>
    </ClCompile>
    <ClCompile Include="..\core\exporters\exporter_registry.cpp">
      <Filter>Source Files</Filter>
    </ClCompile>
    <ClCompile Include="..\core\exporters\json_exporter.cpp">
      <Filter>Source Files</Filter>
    </ClCompile>
    <ClCompile Include="..\core\exporters\plaintext_exporter.cpp">
      <Filter>Source Files</Filter>
    </ClCompile>
    <ClCompile Include="console.cpp">
      <Filter>Source Files</Filter>
    </ClCompile>
    <ClCompile Include="..\config\section.cpp">
      <Filter>Source Files</Filter>
    </ClCompile>
    <ClCompile Include="..\config\settings.cpp">
      <Filter>Source Files</Filter>
    </ClCompile>
  </ItemGroup>
  <ItemGroup>
    <ClInclude Include="..\precomp.h">
      <Filter>Header Files</Filter>
    </ClInclude>
    <ClInclude Include="..\core\async_operation.h">
      <Filter>Header Files</Filter>
    </ClInclude>
    <ClInclude Include="..\core\data_action.h">
      <Filter>Header Files</Filter>
    </ClInclude>
    <ClInclude Include="..\core\data_action_dispatch_context.h">
      <Filter>Header Files</Filter>
    </ClInclude>
    <ClInclude Include="..\core\data_controller.h">
      <Filter>Header Files</Filter>
    </ClInclude>
    <ClInclude Include="..\core\data_controller_library.h">
      <Filter>Header Files</Filter>
    </ClInclude>
    <ClInclude Include="..\core\data_object.h">
      <Filter>Header Files</Filter>
    </ClInclude>
    <ClInclude Include="..\core\data_object_column.h">
      <Filter>Header Files</Filter>
    </ClInclude>
    <ClInclude Include="..\core\data_object_container.h">
      <Filter>Header Files</Filter>
    </ClInclude>
    <ClInclude Include="..\core\refcount_interface.h">
      <Filter>Header Files</Filter>
    </ClInclude>
    <ClInclude Include="..\actions\common_actions.h">
      <Filter>Header Files</Filter>
    </ClInclude>
    <ClInclude Include="..\actions\environment_variable_actions.h">
      <Filter>Header Files</Filter>
    </ClInclude>
    <ClInclude Include="..\actions\module_actions.h">
      <Filter>Header Files</Filter>
    </ClInclude>
    <ClInclude Include="..\actions\network_connection_actions.h">
      <Filter>Header Files</Filter>
    </ClInclude>
    <ClInclude Include="..\actions\process_actions.h">
      <Filter>Header Files</Filter>
    </ClInclude>
    <ClInclude Include="..\actions\scheduled_task_actions.h">
      <Filter>Header Files</Filter>
    </ClInclude>
    <ClInclude Include="..\actions\service_actions.h">
      <Filter>Header Files</Filter>
    </ClInclude>
    <ClInclude Include="..\actions\startup_program_actions.h">
      <Filter>Header Files</Filter>
    </ClInclude>
    <ClInclude Include="..\actions\uninstaller_actions.h">
      <Filter>Header Files</Filter>
    </ClInclude>
    <ClInclude Include="..\actions\window_actions.h">
      <Filter>Header Files</Filter>
    </ClInclude>
    <ClInclude Include="..\controllers\devices_data_controller.h">
      <Filter>Header Files</Filter>
    </ClInclude>
    <ClInclude Include="..\controllers\environment_variables_data_controller.h">
      <Filter>Header Files</Filter>
    </ClInclude>
    <ClInclude Include="..\controllers\modules_data_controller.h">
      <Filter>Header Files</Filter>
    </ClInclude>
    <ClInclude Include="..\controllers\network_connections_data_controller.h">
      <Filter>Header Files</Filter>
    </ClInclude>
    <ClInclude Include="..\controllers\processes_data_controller.h">
      <Filter>Header Files</Filter>
    </ClInclude>
    <ClInclude Include="..\controllers\scheduled_tasks_data_controller.h">
      <Filter>Header Files</Filter>
    </ClInclude>
    <ClInclude Include="..\controllers\services_data_controller.h">
      <Filter>Header Files</Filter>
    </ClInclude>
    <ClInclude Include="..\controllers\startup_programs_data_controller.h">
      <Filter>Header Files</Filter>
    </ClInclude>
    <ClInclude Include="..\controllers\uninstaller_data_controller.h">
      <Filter>Header Files</Filter>
    </ClInclude>
    <ClInclude Include="..\controllers\windows_data_controller.h">
      <Filter>Header Files</Filter>
    </ClInclude>
    <ClInclude Include="..\models\environment_variable_info.h">
      <Filter>Header Files</Filter>
    </ClInclude>
    <ClInclude Include="..\models\installed_program_info.h">
      <Filter>Header Files</Filter>
    </ClInclude>
    <ClInclude Include="..\models\module_info.h">
      <Filter>Header Files</Filter>
    </ClInclude>
    <ClInclude Include="..\models\network_connection_info.h">
      <Filter>Header Files</Filter>
    </ClInclude>
    <ClInclude Include="..\models\process_info.h">
      <Filter>Header Files</Filter>
    </ClInclude>
    <ClInclude Include="..\models\scheduled_task_info.h">
      <Filter>Header Files</Filter>
    </ClInclude>
    <ClInclude Include="..\models\service_info.h">
      <Filter>Header Files</Filter>
    </ClInclude>
    <ClInclude Include="..\models\startup_program_info.h">
      <Filter>Header Files</Filter>
    </ClInclude>
    <ClInclude Include="..\models\window_info.h">
      <Filter>Header Files</Filter>
    </ClInclude>
    <ClInclude Include="..\windows_api\environment_variable_manager.h">
      <Filter>Header Files</Filter>
    </ClInclude>
    <ClInclude Include="..\windows_api\module_manager.h">
      <Filter>Header Files</Filter>
    </ClInclude>
    <ClInclude Include="..\windows_api\network_connection_manager.h">
      <Filter>Header Files</Filter>
    </ClInclude>
    <ClInclude Include="..\windows_api\process_manager.h">
      <Filter>Header Files</Filter>
    </ClInclude>
    <ClInclude Include="..\windows_api\scheduled_task_manager.h">
      <Filter>Header Files</Filter>
    </ClInclude>
    <ClInclude Include="..\windows_api\service_manager.h">
      <Filter>Header Files</Filter>
    </ClInclude>
    <ClInclude Include="..\windows_api\startup_program_manager.h">
      <Filter>Header Files</Filter>
    </ClInclude>
    <ClInclude Include="..\windows_api\uninstaller_manager.h">
      <Filter>Header Files</Filter>
    </ClInclude>
    <ClInclude Include="..\windows_api\window_manager.h">
      <Filter>Header Files</Filter>
    </ClInclude>
    <ClInclude Include="..\utils\file_dialogs.h">
      <Filter>Header Files</Filter>
    </ClInclude>
    <ClInclude Include="..\utils\format_utils.h">
      <Filter>Header Files</Filter>
    </ClInclude>
    <ClInclude Include="..\utils\logging.h">
      <Filter>Header Files</Filter>
    </ClInclude>
    <ClInclude Include="..\utils\string_utils.h">
      <Filter>Header Files</Filter>
    </ClInclude>
    <ClInclude Include="..\utils\win32_error.h">
      <Filter>Header Files</Filter>
    </ClInclude>
    <ClInclude Include="..\core\exporters\exporter_interface.h">
      <Filter>Header Files</Filter>
    </ClInclude>
    <ClInclude Include="..\core\exporters\exporter_registry.h">
      <Filter>Header Files</Filter>
    </ClInclude>
    <ClInclude Include="..\core\exporters\json_exporter.h">
      <Filter>Header Files</Filter>
    </ClInclude>
    <ClInclude Include="..\core\exporters\plaintext_exporter.h">
      <Filter>Header Files</Filter>
    </ClInclude>
    <ClInclude Include="console.h">
      <Filter>Header Files</Filter>
    </ClInclude>
    <ClInclude Include="..\config\config_backend.h">
      <Filter>Header Files</Filter>
    </ClInclude>
    <ClInclude Include="..\config\section.h">
      <Filter>Header Files</Filter>
    </ClInclude>
    <ClInclude Include="..\config\settings.h">
      <Filter>Header Files</Filter>
    </ClInclude>
    <ClInclude Include="..\config\toml_backend.h">
      <Filter>Header Files</Filter>
    </ClInclude>
    <ClInclude Include="..\config\typed_value.h">
      <Filter>Header Files</Filter>
    </ClInclude>
    <ClInclude Include="..\config\typed_vector_value.h">
      <Filter>Header Files</Filter>
    </ClInclude>
    <ClInclude Include="..\config\value_interface.h">
      <Filter>Header Files</Filter>
    </ClInclude>
  </ItemGroup>
</Project>