
Microsoft Visual Studio Solution File, Format Version 12.00
# Visual Studio Version 17
VisualStudioVersion = 17.5.002.0
MinimumVisualStudioVersion = 10.0.40219.1
Project("{9A19103F-16F7-4668-BE54-9A1E7A4F7556}") = "pserv4", "pserv4.csproj", "{E8C3088C-97CF-4EE4-A2FB-5F5EDFD7BF48}"
EndProject
Global
	GlobalSection(SolutionConfigurationPlatforms) = preSolution
		Debug|Any CPU = Debug|Any CPU
		Release|Any CPU = Release|Any CPU
	EndGlobalSection
	GlobalSection(ProjectConfigurationPlatforms) = postSolution
		{E8C3088C-97CF-4EE4-A2FB-5F5EDFD7BF48}.Debug|Any CPU.ActiveCfg = Debug|Any CPU
		{E8C3088C-97CF-4EE4-A2FB-5F5EDFD7BF48}.Debug|Any CPU.Build.0 = Debug|Any CPU
		{E8C3088C-97CF-4EE4-A2FB-5F5EDFD7BF48}.Release|Any CPU.ActiveCfg = Release|Any CPU
		{E8C3088C-97CF-4EE4-A2FB-5F5EDFD7BF48}.Release|Any CPU.Build.0 = Release|Any CPU
	EndGlobalSection
	GlobalSection(SolutionProperties) = preSolution
		HideSolutionNode = FALSE
	EndGlobalSection
	GlobalSection(ExtensibilityGlobals) = postSolution
		SolutionGuid = {A771DEC3-A9D1-4E28-8AFF-D6DCE9DECF12}
	EndGlobalSection
EndGlobal
